Microsoft Visual Studio Solution File, Format Version 11.00
# Visual Studio 2008

Project("{7D058C19-5869-A5A3-DC09-254AFDDF8F51}") = "menschaergerdichnicht", "Assembly-CSharp.csproj", "{43A39913-8CA1-7148-460B-DD1F483304BE}"
EndProject
Global
	GlobalSection(SolutionConfigurationPlatforms) = preSolution
		Debug|Any CPU = Debug|Any CPU
		Release|Any CPU = Release|Any CPU
	EndGlobalSection
	GlobalSection(ProjectConfigurationPlatforms) = postSolution
		{43A39913-8CA1-7148-460B-DD1F483304BE}.Debug|Any CPU.ActiveCfg = Debug|Any CPU
		{43A39913-8CA1-7148-460B-DD1F483304BE}.Debug|Any CPU.Build.0 = Debug|Any CPU
		{43A39913-8CA1-7148-460B-DD1F483304BE}.Release|Any CPU.ActiveCfg = Release|Any CPU
		{43A39913-8CA1-7148-460B-DD1F483304BE}.Release|Any CPU.Build.0 = Release|Any CPU
	EndGlobalSection
	GlobalSection(SolutionProperties) = preSolution
		HideSolutionNode = FALSE
	EndGlobalSection
	GlobalSection(MonoDevelopProperties) = preSolution
		StartupItem = Assembly-CSharp.csproj
	EndGlobalSection
EndGlobal
