Microsoft Visual Studio Solution File, Format Version 11.00
# Visual Studio 2008

Project("{012D8FE4-F86D-8B44-DA6D-7439ADE77A40}") = "menschaergerdichnichtOLD", "Assembly-CSharp.csproj", "{8C74E6F1-C926-32ED-5949-B345C2C1E05A}"
EndProject
Global
	GlobalSection(SolutionConfigurationPlatforms) = preSolution
		Debug|Any CPU = Debug|Any CPU
		Release|Any CPU = Release|Any CPU
	EndGlobalSection
	GlobalSection(ProjectConfigurationPlatforms) = postSolution
		{8C74E6F1-C926-32ED-5949-B345C2C1E05A}.Debug|Any CPU.ActiveCfg = Debug|Any CPU
		{8C74E6F1-C926-32ED-5949-B345C2C1E05A}.Debug|Any CPU.Build.0 = Debug|Any CPU
		{8C74E6F1-C926-32ED-5949-B345C2C1E05A}.Release|Any CPU.ActiveCfg = Release|Any CPU
		{8C74E6F1-C926-32ED-5949-B345C2C1E05A}.Release|Any CPU.Build.0 = Release|Any CPU
	EndGlobalSection
	GlobalSection(SolutionProperties) = preSolution
		HideSolutionNode = FALSE
	EndGlobalSection
	GlobalSection(MonoDevelopProperties) = preSolution
		StartupItem = Assembly-CSharp.csproj
	EndGlobalSection
EndGlobal
